// !$*UTF8*$!
{
	archiveVersion = 1;
	classes = {
	};
	objectVersion = 50;
	objects = {

/* Begin PBXBuildFile section */
		9C763AF9232FCEF400C73812 /* AppDelegate.swift in Sources */ = {isa = PBXBuildFile; fileRef = 9C763AF8232FCEF400C73812 /* AppDelegate.swift */; };
		9C763B00232FCEFA00C73812 /* Assets.xcassets in Resources */ = {isa = PBXBuildFile; fileRef = 9C763AFF232FCEFA00C73812 /* Assets.xcassets */; };
		9C763B03232FCEFA00C73812 /* LaunchScreen.storyboard in Resources */ = {isa = PBXBuildFile; fileRef = 9C763B01232FCEFA00C73812 /* LaunchScreen.storyboard */; };
		9C763B1A232FD17700C73812 /* ListViewModelType.swift in Sources */ = {isa = PBXBuildFile; fileRef = 9C763B0C232FD17700C73812 /* ListViewModelType.swift */; };
		9C763B1B232FD17700C73812 /* ListViewModel.swift in Sources */ = {isa = PBXBuildFile; fileRef = 9C763B0D232FD17700C73812 /* ListViewModel.swift */; };
		9C763B1C232FD17700C73812 /* ListTableViewCellViewModelType.swift in Sources */ = {isa = PBXBuildFile; fileRef = 9C763B0F232FD17700C73812 /* ListTableViewCellViewModelType.swift */; };
		9C763B1D232FD17700C73812 /* ListTableViewCellViewModel.swift in Sources */ = {isa = PBXBuildFile; fileRef = 9C763B10232FD17700C73812 /* ListTableViewCellViewModel.swift */; };
		9C763B1E232FD17700C73812 /* ListTableViewCell.swift in Sources */ = {isa = PBXBuildFile; fileRef = 9C763B11232FD17700C73812 /* ListTableViewCell.swift */; };
		9C763B1F232FD17700C73812 /* ListViewController.swift in Sources */ = {isa = PBXBuildFile; fileRef = 9C763B12232FD17700C73812 /* ListViewController.swift */; };
		9C763B20232FD17700C73812 /* ListViewController + UITableViewDelegate + UITableViewDataSource.swift in Sources */ = {isa = PBXBuildFile; fileRef = 9C763B13232FD17700C73812 /* ListViewController + UITableViewDelegate + UITableViewDataSource.swift */; };
		9C763B21232FD17700C73812 /* ListStoryboard.storyboard in Resources */ = {isa = PBXBuildFile; fileRef = 9C763B14232FD17700C73812 /* ListStoryboard.storyboard */; };
		9C763B22232FD17700C73812 /* EditViewModelType.swift in Sources */ = {isa = PBXBuildFile; fileRef = 9C763B16232FD17700C73812 /* EditViewModelType.swift */; };
		9C763B23232FD17700C73812 /* EditViewModel.swift in Sources */ = {isa = PBXBuildFile; fileRef = 9C763B17232FD17700C73812 /* EditViewModel.swift */; };
		9C763B24232FD17700C73812 /* EditViewController.swift in Sources */ = {isa = PBXBuildFile; fileRef = 9C763B18232FD17700C73812 /* EditViewController.swift */; };
		9C763B25232FD17700C73812 /* EditStoryboard.storyboard in Resources */ = {isa = PBXBuildFile; fileRef = 9C763B19232FD17700C73812 /* EditStoryboard.storyboard */; };
		9C763B29232FD89200C73812 /* WebService.swift in Sources */ = {isa = PBXBuildFile; fileRef = 9C763B28232FD89200C73812 /* WebService.swift */; };
/* End PBXBuildFile section */

/* Begin PBXFileReference section */
		9C763AF5232FCEF400C73812 /* UserList.app */ = {isa = PBXFileReference; explicitFileType = wrapper.application; includeInIndex = 0; path = UserList.app; sourceTree = BUILT_PRODUCTS_DIR; };
		9C763AF8232FCEF400C73812 /* AppDelegate.swift */ = {isa = PBXFileReference; lastKnownFileType = sourcecode.swift; path = AppDelegate.swift; sourceTree = "<group>"; };
		9C763AFF232FCEFA00C73812 /* Assets.xcassets */ = {isa = PBXFileReference; lastKnownFileType = folder.assetcatalog; path = Assets.xcassets; sourceTree = "<group>"; };
		9C763B02232FCEFA00C73812 /* Base */ = {isa = PBXFileReference; lastKnownFileType = file.storyboard; name = Base; path = Base.lproj/LaunchScreen.storyboard; sourceTree = "<group>"; };
		9C763B04232FCEFA00C73812 /* Info.plist */ = {isa = PBXFileReference; lastKnownFileType = text.plist.xml; path = Info.plist; sourceTree = "<group>"; };
		9C763B0C232FD17700C73812 /* ListViewModelType.swift */ = {isa = PBXFileReference; fileEncoding = 4; lastKnownFileType = sourcecode.swift; path = ListViewModelType.swift; sourceTree = "<group>"; };
		9C763B0D232FD17700C73812 /* ListViewModel.swift */ = {isa = PBXFileReference; fileEncoding = 4; lastKnownFileType = sourcecode.swift; path = ListViewModel.swift; sourceTree = "<group>"; };
		9C763B0F232FD17700C73812 /* ListTableViewCellViewModelType.swift */ = {isa = PBXFileReference; fileEncoding = 4; lastKnownFileType = sourcecode.swift; path = ListTableViewCellViewModelType.swift; sourceTree = "<group>"; };
		9C763B10232FD17700C73812 /* ListTableViewCellViewModel.swift */ = {isa = PBXFileReference; fileEncoding = 4; lastKnownFileType = sourcecode.swift; path = ListTableViewCellViewModel.swift; sourceTree = "<group>"; };
		9C763B11232FD17700C73812 /* ListTableViewCell.swift */ = {isa = PBXFileReference; fileEncoding = 4; lastKnownFileType = sourcecode.swift; path = ListTableViewCell.swift; sourceTree = "<group>"; };
		9C763B12232FD17700C73812 /* ListViewController.swift */ = {isa = PBXFileReference; fileEncoding = 4; lastKnownFileType = sourcecode.swift; path = ListViewController.swift; sourceTree = "<group>"; };
		9C763B13232FD17700C73812 /* ListViewController + UITableViewDelegate + UITableViewDataSource.swift */ = {isa = PBXFileReference; fileEncoding = 4; lastKnownFileType = sourcecode.swift; path = "ListViewController + UITableViewDelegate + UITableViewDataSource.swift"; sourceTree = "<group>"; };
		9C763B14232FD17700C73812 /* ListStoryboard.storyboard */ = {isa = PBXFileReference; fileEncoding = 4; lastKnownFileType = file.storyboard; path = ListStoryboard.storyboard; sourceTree = "<group>"; };
		9C763B16232FD17700C73812 /* EditViewModelType.swift */ = {isa = PBXFileReference; fileEncoding = 4; lastKnownFileType = sourcecode.swift; path = EditViewModelType.swift; sourceTree = "<group>"; };
		9C763B17232FD17700C73812 /* EditViewModel.swift */ = {isa = PBXFileReference; fileEncoding = 4; lastKnownFileType = sourcecode.swift; path = EditViewModel.swift; sourceTree = "<group>"; };
		9C763B18232FD17700C73812 /* EditViewController.swift */ = {isa = PBXFileReference; fileEncoding = 4; lastKnownFileType = sourcecode.swift; path = EditViewController.swift; sourceTree = "<group>"; };
		9C763B19232FD17700C73812 /* EditStoryboard.storyboard */ = {isa = PBXFileReference; fileEncoding = 4; lastKnownFileType = file.storyboard; path = EditStoryboard.storyboard; sourceTree = "<group>"; };
		9C763B28232FD89200C73812 /* WebService.swift */ = {isa = PBXFileReference; lastKnownFileType = sourcecode.swift; path = WebService.swift; sourceTree = "<group>"; };
/* End PBXFileReference section */

/* Begin PBXFrameworksBuildPhase section */
		9C763AF2232FCEF400C73812 /* Frameworks */ = {
			isa = PBXFrameworksBuildPhase;
			buildActionMask = 2147483647;
			files = (
			);
			runOnlyForDeploymentPostprocessing = 0;
		};
/* End PBXFrameworksBuildPhase section */

/* Begin PBXGroup section */
		9C763AEC232FCEF400C73812 = {
			isa = PBXGroup;
			children = (
				9C763AF7232FCEF400C73812 /* UserList */,
				9C763AF6232FCEF400C73812 /* Products */,
			);
			sourceTree = "<group>";
		};
		9C763AF6232FCEF400C73812 /* Products */ = {
			isa = PBXGroup;
			children = (
				9C763AF5232FCEF400C73812 /* UserList.app */,
			);
			name = Products;
			sourceTree = "<group>";
		};
		9C763AF7232FCEF400C73812 /* UserList */ = {
			isa = PBXGroup;
			children = (
				9C763B27232FD88200C73812 /* Services */,
				9C763B0B232FD17700C73812 /* ListViewController */,
				9C763B15232FD17700C73812 /* EditViewController */,
				9C763B26232FD87300C73812 /* SupportingFiles */,
			);
			path = UserList;
			sourceTree = "<group>";
		};
		9C763B0B232FD17700C73812 /* ListViewController */ = {
			isa = PBXGroup;
			children = (
				9C763B0E232FD17700C73812 /* ListCell */,
				9C763B0C232FD17700C73812 /* ListViewModelType.swift */,
				9C763B0D232FD17700C73812 /* ListViewModel.swift */,
				9C763B12232FD17700C73812 /* ListViewController.swift */,
				9C763B13232FD17700C73812 /* ListViewController + UITableViewDelegate + UITableViewDataSource.swift */,
				9C763B14232FD17700C73812 /* ListStoryboard.storyboard */,
			);
			path = ListViewController;
			sourceTree = "<group>";
		};
		9C763B0E232FD17700C73812 /* ListCell */ = {
			isa = PBXGroup;
			children = (
				9C763B0F232FD17700C73812 /* ListTableViewCellViewModelType.swift */,
				9C763B10232FD17700C73812 /* ListTableViewCellViewModel.swift */,
				9C763B11232FD17700C73812 /* ListTableViewCell.swift */,
			);
			path = ListCell;
			sourceTree = "<group>";
		};
		9C763B15232FD17700C73812 /* EditViewController */ = {
			isa = PBXGroup;
			children = (
				9C763B16232FD17700C73812 /* EditViewModelType.swift */,
				9C763B17232FD17700C73812 /* EditViewModel.swift */,
				9C763B18232FD17700C73812 /* EditViewController.swift */,
				9C763B19232FD17700C73812 /* EditStoryboard.storyboard */,
			);
			path = EditViewController;
			sourceTree = "<group>";
		};
		9C763B26232FD87300C73812 /* SupportingFiles */ = {
			isa = PBXGroup;
			children = (
				9C763AF8232FCEF400C73812 /* AppDelegate.swift */,
				9C763B01232FCEFA00C73812 /* LaunchScreen.storyboard */,
				9C763B04232FCEFA00C73812 /* Info.plist */,
				9C763AFF232FCEFA00C73812 /* Assets.xcassets */,
			);
			path = SupportingFiles;
			sourceTree = "<group>";
		};
		9C763B27232FD88200C73812 /* Services */ = {
			isa = PBXGroup;
			children = (
				9C763B28232FD89200C73812 /* WebService.swift */,
			);
			path = Services;
			sourceTree = "<group>";
		};
/* End PBXGroup section */

/* Begin PBXNativeTarget section */
		9C763AF4232FCEF400C73812 /* UserList */ = {
			isa = PBXNativeTarget;
			buildConfigurationList = 9C763B07232FCEFA00C73812 /* Build configuration list for PBXNativeTarget "UserList" */;
			buildPhases = (
				9C763AF1232FCEF400C73812 /* Sources */,
				9C763AF2232FCEF400C73812 /* Frameworks */,
				9C763AF3232FCEF400C73812 /* Resources */,
			);
			buildRules = (
			);
			dependencies = (
			);
			name = UserList;
			productName = UserList;
			productReference = 9C763AF5232FCEF400C73812 /* UserList.app */;
			productType = "com.apple.product-type.application";
		};
/* End PBXNativeTarget section */

/* Begin PBXProject section */
		9C763AED232FCEF400C73812 /* Project object */ = {
			isa = PBXProject;
			attributes = {
				LastSwiftUpdateCheck = 1030;
				LastUpgradeCheck = 1030;
				ORGANIZATIONNAME = "Roman Orlov";
				TargetAttributes = {
					9C763AF4232FCEF400C73812 = {
						CreatedOnToolsVersion = 10.3;
					};
				};
			};
			buildConfigurationList = 9C763AF0232FCEF400C73812 /* Build configuration list for PBXProject "UserList" */;
			compatibilityVersion = "Xcode 9.3";
			developmentRegion = en;
			hasScannedForEncodings = 0;
			knownRegions = (
				en,
				Base,
			);
			mainGroup = 9C763AEC232FCEF400C73812;
			productRefGroup = 9C763AF6232FCEF400C73812 /* Products */;
			projectDirPath = "";
			projectRoot = "";
			targets = (
				9C763AF4232FCEF400C73812 /* UserList */,
			);
		};
/* End PBXProject section */

/* Begin PBXResourcesBuildPhase section */
		9C763AF3232FCEF400C73812 /* Resources */ = {
			isa = PBXResourcesBuildPhase;
			buildActionMask = 2147483647;
			files = (
				9C763B03232FCEFA00C73812 /* LaunchScreen.storyboard in Resources */,
				9C763B25232FD17700C73812 /* EditStoryboard.storyboard in Resources */,
				9C763B21232FD17700C73812 /* ListStoryboard.storyboard in Resources */,
				9C763B00232FCEFA00C73812 /* Assets.xcassets in Resources */,
			);
			runOnlyForDeploymentPostprocessing = 0;
		};
/* End PBXResourcesBuildPhase section */

/* Begin PBXSourcesBuildPhase section */
		9C763AF1232FCEF400C73812 /* Sources */ = {
			isa = PBXSourcesBuildPhase;
			buildActionMask = 2147483647;
			files = (
				9C763B1C232FD17700C73812 /* ListTableViewCellViewModelType.swift in Sources */,
				9C763B1F232FD17700C73812 /* ListViewController.swift in Sources */,
				9C763B22232FD17700C73812 /* EditViewModelType.swift in Sources */,
				9C763B1B232FD17700C73812 /* ListViewModel.swift in Sources */,
				9C763B1A232FD17700C73812 /* ListViewModelType.swift in Sources */,
				9C763AF9232FCEF400C73812 /* AppDelegate.swift in Sources */,
				9C763B29232FD89200C73812 /* WebService.swift in Sources */,
				9C763B23232FD17700C73812 /* EditViewModel.swift in Sources */,
				9C763B1D232FD17700C73812 /* ListTableViewCellViewModel.swift in Sources */,
				9C763B24232FD17700C73812 /* EditViewController.swift in Sources */,
				9C763B20232FD17700C73812 /* ListViewController + UITableViewDelegate + UITableViewDataSource.swift in Sources */,
				9C763B1E232FD17700C73812 /* ListTableViewCell.swift in Sources */,
			);
			runOnlyForDeploymentPostprocessing = 0;
		};
/* End PBXSourcesBuildPhase section */

/* Begin PBXVariantGroup section */
		9C763B01232FCEFA00C73812 /* LaunchScreen.storyboard */ = {
			isa = PBXVariantGroup;
			children = (
				9C763B02232FCEFA00C73812 /* Base */,
			);
			name = LaunchScreen.storyboard;
			sourceTree = "<group>";
		};
/* End PBXVariantGroup section */

/* Begin XCBuildConfiguration section */
		9C763B05232FCEFA00C73812 /* Debug */ = {
			isa = XCBuildConfiguration;
			buildSettings = {
				ALWAYS_SEARCH_USER_PATHS = NO;
				CLANG_ANALYZER_NONNULL = YES;
				CLANG_ANALYZER_NUMBER_OBJECT_CONVERSION = YES_AGGRESSIVE;
				CLANG_CXX_LANGUAGE_STANDARD = "gnu++14";
				CLANG_CXX_LIBRARY = "libc++";
				CLANG_ENABLE_MODULES = YES;
				CLANG_ENABLE_OBJC_ARC = YES;
				CLANG_ENABLE_OBJC_WEAK = YES;
				CLANG_WARN_BLOCK_CAPTURE_AUTORELEASING = YES;
				CLANG_WARN_BOOL_CONVERSION = YES;
				CLANG_WARN_COMMA = YES;
				CLANG_WARN_CONSTANT_CONVERSION = YES;
				CLANG_WARN_DEPRECATED_OBJC_IMPLEMENTATIONS = YES;
				CLANG_WARN_DIRECT_OBJC_ISA_USAGE = YES_ERROR;
				CLANG_WARN_DOCUMENTATION_COMMENTS = YES;
				CLANG_WARN_EMPTY_BODY = YES;
				CLANG_WARN_ENUM_CONVERSION = YES;
				CLANG_WARN_INFINITE_RECURSION = YES;
				CLANG_WARN_INT_CONVERSION = YES;
				CLANG_WARN_NON_LITERAL_NULL_CONVERSION = YES;
				CLANG_WARN_OBJC_IMPLICIT_RETAIN_SELF = YES;
				CLANG_WARN_OBJC_LITERAL_CONVERSION = YES;
				CLANG_WARN_OBJC_ROOT_CLASS = YES_ERROR;
				CLANG_WARN_RANGE_LOOP_ANALYSIS = YES;
				CLANG_WARN_STRICT_PROTOTYPES = YES;
				CLANG_WARN_SUSPICIOUS_MOVE = YES;
				CLANG_WARN_UNGUARDED_AVAILABILITY = YES_AGGRESSIVE;
				CLANG_WARN_UNREACHABLE_CODE = YES;
				CLANG_WARN__DUPLICATE_METHOD_MATCH = YES;
				CODE_SIGN_IDENTITY = "iPhone Developer";
				COPY_PHASE_STRIP = NO;
				DEBUG_INFORMATION_FORMAT = dwarf;
				ENABLE_STRICT_OBJC_MSGSEND = YES;
				ENABLE_TESTABILITY = YES;
				GCC_C_LANGUAGE_STANDARD = gnu11;
				GCC_DYNAMIC_NO_PIC = NO;
				GCC_NO_COMMON_BLOCKS = YES;
				GCC_OPTIMIZATION_LEVEL = 0;
				GCC_PREPROCESSOR_DEFINITIONS = (
					"DEBUG=1",
					"$(inherited)",
				);
				GCC_WARN_64_TO_32_BIT_CONVERSION = YES;
				GCC_WARN_ABOUT_RETURN_TYPE = YES_ERROR;
				GCC_WARN_UNDECLARED_SELECTOR = YES;
				GCC_WARN_UNINITIALIZED_AUTOS = YES_AGGRESSIVE;
				GCC_WARN_UNUSED_FUNCTION = YES;
				GCC_WARN_UNUSED_VARIABLE = YES;
				IPHONEOS_DEPLOYMENT_TARGET = 12.4;
				MTL_ENABLE_DEBUG_INFO = INCLUDE_SOURCE;
				MTL_FAST_MATH = YES;
				ONLY_ACTIVE_ARCH = YES;
				SDKROOT = iphoneos;
				SWIFT_ACTIVE_COMPILATION_CONDITIONS = DEBUG;
				SWIFT_OPTIMIZATION_LEVEL = "-Onone";
			};
			name = Debug;
		};
		9C763B06232FCEFA00C73812 /* Release */ = {
			isa = XCBuildConfiguration;
			buildSettings = {
				ALWAYS_SEARCH_USER_PATHS = NO;
				CLANG_ANALYZER_NONNULL = YES;
				CLANG_ANALYZER_NUMBER_OBJECT_CONVERSION = YES_AGGRESSIVE;
				CLANG_CXX_LANGUAGE_STANDARD = "gnu++14";
				CLANG_CXX_LIBRARY = "libc++";
				CLANG_ENABLE_MODULES = YES;
				CLANG_ENABLE_OBJC_ARC = YES;
				CLANG_ENABLE_OBJC_WEAK = YES;
				CLANG_WARN_BLOCK_CAPTURE_AUTORELEASING = YES;
				CLANG_WARN_BOOL_CONVERSION = YES;
				CLANG_WARN_COMMA = YES;
				CLANG_WARN_CONSTANT_CONVERSION = YES;
				CLANG_WARN_DEPRECATED_OBJC_IMPLEMENTATIONS = YES;
				CLANG_WARN_DIRECT_OBJC_ISA_USAGE = YES_ERROR;
				CLANG_WARN_DOCUMENTATION_COMMENTS = YES;
				CLANG_WARN_EMPTY_BODY = YES;
				CLANG_WARN_ENUM_CONVERSION = YES;
				CLANG_WARN_INFINITE_RECURSION = YES;
				CLANG_WARN_INT_CONVERSION = YES;
				CLANG_WARN_NON_LITERAL_NULL_CONVERSION = YES;
				CLANG_WARN_OBJC_IMPLICIT_RETAIN_SELF = YES;
				CLANG_WARN_OBJC_LITERAL_CONVERSION = YES;
				CLANG_WARN_OBJC_ROOT_CLASS = YES_ERROR;
				CLANG_WARN_RANGE_LOOP_ANALYSIS = YES;
				CLANG_WARN_STRICT_PROTOTYPES = YES;
				CLANG_WARN_SUSPICIOUS_MOVE = YES;
				CLANG_WARN_UNGUARDED_AVAILABILITY = YES_AGGRESSIVE;
				CLANG_WARN_UNREACHABLE_CODE = YES;
				CLANG_WARN__DUPLICATE_METHOD_MATCH = YES;
				CODE_SIGN_IDENTITY = "iPhone Developer";
				COPY_PHASE_STRIP = NO;
				DEBUG_INFORMATION_FORMAT = "dwarf-with-dsym";
				ENABLE_NS_ASSERTIONS = NO;
				ENABLE_STRICT_OBJC_MSGSEND = YES;
				GCC_C_LANGUAGE_STANDARD = gnu11;
				GCC_NO_COMMON_BLOCKS = YES;
				GCC_WARN_64_TO_32_BIT_CONVERSION = YES;
				GCC_WARN_ABOUT_RETURN_TYPE = YES_ERROR;
				GCC_WARN_UNDECLARED_SELECTOR = YES;
				GCC_WARN_UNINITIALIZED_AUTOS = YES_AGGRESSIVE;
				GCC_WARN_UNUSED_FUNCTION = YES;
				GCC_WARN_UNUSED_VARIABLE = YES;
				IPHONEOS_DEPLOYMENT_TARGET = 12.4;
				MTL_ENABLE_DEBUG_INFO = NO;
				MTL_FAST_MATH = YES;
				SDKROOT = iphoneos;
				SWIFT_COMPILATION_MODE = wholemodule;
				SWIFT_OPTIMIZATION_LEVEL = "-O";
				VALIDATE_PRODUCT = YES;
			};
			name = Release;
		};
		9C763B08232FCEFA00C73812 /* Debug */ = {
			isa = XCBuildConfiguration;
			buildSettings = {
				ASSETCATALOG_COMPILER_APPICON_NAME = AppIcon;
				CODE_SIGN_STYLE = Automatic;
				DEVELOPMENT_TEAM = 54348F7W87;
				INFOPLIST_FILE = UserList/Info.plist;
				LD_RUNPATH_SEARCH_PATHS = (
					"$(inherited)",
					"@executable_path/Frameworks",
				);
				PRODUCT_BUNDLE_IDENTIFIER = com.romanorlov.UserList;
				PRODUCT_NAME = "$(TARGET_NAME)";
				SWIFT_VERSION = 5.0;
				TARGETED_DEVICE_FAMILY = "1,2";
			};
			name = Debug;
		};
		9C763B09232FCEFA00C73812 /* Release */ = {
			isa = XCBuildConfiguration;
			buildSettings = {
				ASSETCATALOG_COMPILER_APPICON_NAME = AppIcon;
				CODE_SIGN_STYLE = Automatic;
				DEVELOPMENT_TEAM = 54348F7W87;
				INFOPLIST_FILE = UserList/Info.plist;
				LD_RUNPATH_SEARCH_PATHS = (
					"$(inherited)",
					"@executable_path/Frameworks",
				);
				PRODUCT_BUNDLE_IDENTIFIER = com.romanorlov.UserList;
				PRODUCT_NAME = "$(TARGET_NAME)";
				SWIFT_VERSION = 5.0;
				TARGETED_DEVICE_FAMILY = "1,2";
			};
			name = Release;
		};
/* End XCBuildConfiguration section */

/* Begin XCConfigurationList section */
		9C763AF0232FCEF400C73812 /* Build configuration list for PBXProject "UserList" */ = {
			isa = XCConfigurationList;
			buildConfigurations = (
				9C763B05232FCEFA00C73812 /* Debug */,
				9C763B06232FCEFA00C73812 /* Release */,
			);
			defaultConfigurationIsVisible = 0;
			defaultConfigurationName = Release;
		};
		9C763B07232FCEFA00C73812 /* Build configuration list for PBXNativeTarget "UserList" */ = {
			isa = XCConfigurationList;
			buildConfigurations = (
				9C763B08232FCEFA00C73812 /* Debug */,
				9C763B09232FCEFA00C73812 /* Release */,
			);
			defaultConfigurationIsVisible = 0;
			defaultConfigurationName = Release;
		};
/* End XCConfigurationList section */
	};
	rootObject = 9C763AED232FCEF400C73812 /* Project object */;
}
